
Microsoft Visual Studio Solution File, Format Version 12.00
# Visual Studio Version 17
VisualStudioVersion = 17.11.35208.52
MinimumVisualStudioVersion = 10.0.40219.1
Project("{888888A0-9F3D-457C-B088-3A5042F75D52}") = "new_vasp_raman.py", "new_vasp_raman.py.pyproj", "{077C343C-D68C-4915-B580-7A2D1BE5BE8E}"
EndProject
Global
	GlobalSection(SolutionConfigurationPlatforms) = preSolution
		Debug|Any CPU = Debug|Any CPU
		Release|Any CPU = Release|Any CPU
	EndGlobalSection
	GlobalSection(ProjectConfigurationPlatforms) = postSolution
		{077C343C-D68C-4915-B580-7A2D1BE5BE8E}.Debug|Any CPU.ActiveCfg = Debug|Any CPU
		{077C343C-D68C-4915-B580-7A2D1BE5BE8E}.Release|Any CPU.ActiveCfg = Release|Any CPU
	EndGlobalSection
	GlobalSection(SolutionProperties) = preSolution
		HideSolutionNode = FALSE
	EndGlobalSection
	GlobalSection(ExtensibilityGlobals) = postSolution
		SolutionGuid = {CE6981ED-B137-47A1-B1D8-0020D9FF6511}
	EndGlobalSection
EndGlobal
